PODS:
  - AFNetworking (3.2.1):
    - AFNetworking/NSURLSession (= 3.2.1)
    - AFNetworking/Reachability (= 3.2.1)
    - AFNetworking/Security (= 3.2.1)
    - AFNetworking/Serialization (= 3.2.1)
    - AFNetworking/UIKit (= 3.2.1)
  - AFNetworking/NSURLSession (3.2.1):
    - AFNetworking/Reachability
    - AFNetworking/Security
    - AFNetworking/Serialization
  - AFNetworking/Reachability (3.2.1)
  - AFNetworking/Security (3.2.1)
  - AFNetworking/Serialization (3.2.1)
  - AFNetworking/UIKit (3.2.1):
    - AFNetworking/NSURLSession
  - AMap3DMap (6.8.1):
    - AMapFoundation (~> 1.5)
  - AMapFoundation (1.5.6)
  - AMapLocation (2.6.2):
    - AMapFoundation (~> 1.4)
  - AMapSearch (6.6.0):
    - AMapFoundation (~> 1.4)
  - Framework/Component/ActionSheetView (0.5.0)
  - Framework/Component/AlertView (0.5.0)
  - Framework/Component/BadgeView (0.5.0)
  - Framework/Component/BlankHolderView (0.5.0)
  - Framework/Component/CycleScrollView (0.5.0)
  - Framework/Component/DatePickerView (0.5.0)
  - Framework/Component/DropDownMenu (0.5.0)
  - Framework/Component/FiniteScrollView (0.5.0)
  - Framework/Component/FlatActionSheetView (0.5.0)
  - Framework/Component/IndicatorView (0.5.0)
  - Framework/Component/InfiniteScrollView (0.5.0)
  - Framework/Component/KeyboardControl (0.5.0)
  - Framework/Component/LaunchAdView (0.5.0)
  - Framework/Component/LoadableImageView (0.5.0)
  - Framework/Component/LocalImageBrowser (0.5.0)
  - Framework/Component/LocalImageEditableBrowserView (0.5.0)
  - Framework/Component/PopupView (0.5.0)
  - Framework/Component/PopViewController (0.5.0)
  - Framework/Component/ProgressHUD (0.5.0)
  - Framework/Component/ProgressView (0.5.0)
  - Framework/Component/RateView (0.5.0)
  - Framework/Component/RefreshView (0.5.0)
  - Framework/Component/SegmentControl (0.5.0)
  - Framework/Component/SegmentView (0.5.0)
  - Framework/Component/TagsView (0.5.0)
  - Framework/Component/UserGuideView (0.5.0)
  - Framework/Component/WaterFallView (0.5.0)
  - Framework/Core/Cache (0.5.0)
  - Framework/Core/Chronograph (0.5.0)
  - Framework/Core/CountDown (0.5.0)
  - Framework/Core/Date (0.5.0)
  - Framework/Core/Delegate (0.5.0)
  - Framework/Core/HttpMock (0.5.0)
  - Framework/Core/Modular (0.5.0)
  - Framework/Core/Network/Reachability (0.5.0)
  - Framework/Core/NetworkLit (0.5.0)
  - Framework/Foundation (0.5.0)
  - Framework/Module/APNS (0.5.0):
    - JPush
  - Framework/Module/App (0.5.0)
  - Framework/Module/Assets (0.5.0)
  - Framework/Module/Browser (0.5.0)
  - Framework/Module/Growth (0.5.0)
  - Framework/Module/Location (0.5.0)
  - Framework/Module/Map (0.5.0):
    - AMap3DMap
    - AMapLocation
    - AMapSearch
  - Framework/Module/QRCode (0.5.0)
  - Framework/Module/SNS (0.5.0):
    - UMengAnalytics-NO-IDFA (= 4.1.5)
    - UMengFeedback (~> 2.3.4)
    - UMengUShare/Core (= 6.4.8)
    - UMengUShare/Plugin/IDFA
    - UMengUShare/Social/AlipayShare
    - UMengUShare/Social/DingDing
    - UMengUShare/Social/Douban
    - UMengUShare/Social/DropBox
    - UMengUShare/Social/Email
    - UMengUShare/Social/EverNote
    - UMengUShare/Social/Facebook
    - UMengUShare/Social/Flickr
    - UMengUShare/Social/GooglePlus
    - UMengUShare/Social/Instagram
    - UMengUShare/Social/Kakao
    - UMengUShare/Social/LaiWang
    - UMengUShare/Social/Line
    - UMengUShare/Social/Linkedin
    - UMengUShare/Social/Pinterest
    - UMengUShare/Social/Pocket
    - UMengUShare/Social/QQ
    - UMengUShare/Social/ReducedQQ
    - UMengUShare/Social/ReducedSina
    - UMengUShare/Social/ReducedWeChat
    - UMengUShare/Social/Renren
    - UMengUShare/Social/Sina
    - UMengUShare/Social/SMS
    - UMengUShare/Social/TencentWeibo
    - UMengUShare/Social/Tumblr
    - UMengUShare/Social/Twitter
    - UMengUShare/Social/VKontakte
    - UMengUShare/Social/WeChat
    - UMengUShare/Social/WhatsApp
    - UMengUShare/Social/YiXin
    - UMengUShare/Social/YouDao
    - UMengUShare/UI
  - Framework/UIKit (0.5.0)
  - GTMBase64 (1.0.1)
  - JCore (2.0.0)
  - JPush (3.2.0):
    - JCore (< 3.0.0, >= 2.0.0)
  - Masonry (1.1.0)
  - ReactiveObjC (3.1.1)
  - SDWebImage (4.4.6):
    - SDWebImage/Core (= 4.4.6)
  - SDWebImage/Core (4.4.6)
  - TZImagePickerController (3.2.0)
  - UMengAnalytics-NO-IDFA (4.1.5)
  - UMengFeedback (2.3.4)
  - UMengUShare/Core (6.4.8):
    - UMengUShare/Network
  - UMengUShare/Network (6.4.8)
  - UMengUShare/Plugin/IDFA (6.4.8):
    - UMengUShare/Core
  - UMengUShare/Social/AlipayShare (6.4.8):
    - UMengUShare/Core
  - UMengUShare/Social/DingDing (6.4.8):
    - UMengUShare/Core
  - UMengUShare/Social/Douban (6.4.8):
    - UMengUShare/Core
  - UMengUShare/Social/DropBox (6.4.8):
    - UMengUShare/Core
  - UMengUShare/Social/Email (6.4.8):
    - UMengUShare/Core
  - UMengUShare/Social/EverNote (6.4.8):
    - UMengUShare/Core
  - UMengUShare/Social/Facebook (6.4.8):
    - UMengUShare/Core
  - UMengUShare/Social/Flickr (6.4.8):
    - UMengUShare/Core
  - UMengUShare/Social/GooglePlus (6.4.8):
    - UMengUShare/Core
  - UMengUShare/Social/Instagram (6.4.8):
    - UMengUShare/Core
  - UMengUShare/Social/Kakao (6.4.8):
    - UMengUShare/Core
  - UMengUShare/Social/LaiWang (6.4.8):
    - UMengUShare/Core
  - UMengUShare/Social/Line (6.4.8):
    - UMengUShare/Core
  - UMengUShare/Social/Linkedin (6.4.8):
    - UMengUShare/Core
  - UMengUShare/Social/Pinterest (6.4.8):
    - UMengUShare/Core
  - UMengUShare/Social/Pocket (6.4.8):
    - UMengUShare/Core
  - UMengUShare/Social/QQ (6.4.8):
    - UMengUShare/Core
    - UMengUShare/Social/ReducedQQ
  - UMengUShare/Social/ReducedQQ (6.4.8):
    - UMengUShare/Core
  - UMengUShare/Social/ReducedSina (6.4.8):
    - UMengUShare/Core
  - UMengUShare/Social/ReducedWeChat (6.4.8):
    - UMengUShare/Core
  - UMengUShare/Social/Renren (6.4.8):
    - UMengUShare/Core
  - UMengUShare/Social/Sina (6.4.8):
    - UMengUShare/Core
    - UMengUShare/Social/ReducedSina
  - UMengUShare/Social/SMS (6.4.8):
    - UMengUShare/Core
  - UMengUShare/Social/TencentWeibo (6.4.8):
    - UMengUShare/Core
  - UMengUShare/Social/Tumblr (6.4.8):
    - UMengUShare/Core
  - UMengUShare/Social/Twitter (6.4.8):
    - UMengUShare/Core
  - UMengUShare/Social/VKontakte (6.4.8):
    - UMengUShare/Core
  - UMengUShare/Social/WeChat (6.4.8):
    - UMengUShare/Core
    - UMengUShare/Social/ReducedWeChat
  - UMengUShare/Social/WhatsApp (6.4.8):
    - UMengUShare/Core
  - UMengUShare/Social/YiXin (6.4.8):
    - UMengUShare/Core
  - UMengUShare/Social/YouDao (6.4.8):
    - UMengUShare/Core
  - UMengUShare/UI (6.4.8):
    - UMengUShare/Core
  - UnionPay (3.3.11)
  - YYModel (1.0.4)

DEPENDENCIES:
  - AFNetworking (~> 3.0)
  - Framework/Component/ActionSheetView (from `../`)
  - Framework/Component/AlertView (from `../`)
  - Framework/Component/BadgeView (from `../`)
  - Framework/Component/BlankHolderView (from `../`)
  - Framework/Component/CycleScrollView (from `../`)
  - Framework/Component/DatePickerView (from `../`)
  - Framework/Component/DropDownMenu (from `../`)
  - Framework/Component/FiniteScrollView (from `../`)
  - Framework/Component/FlatActionSheetView (from `../`)
  - Framework/Component/IndicatorView (from `../`)
  - Framework/Component/InfiniteScrollView (from `../`)
  - Framework/Component/KeyboardControl (from `../`)
  - Framework/Component/LaunchAdView (from `../`)
  - Framework/Component/LoadableImageView (from `../`)
  - Framework/Component/LocalImageBrowser (from `../`)
  - Framework/Component/LocalImageEditableBrowserView (from `../`)
  - Framework/Component/PopupView (from `../`)
  - Framework/Component/PopViewController (from `../`)
  - Framework/Component/ProgressHUD (from `../`)
  - Framework/Component/ProgressView (from `../`)
  - Framework/Component/RateView (from `../`)
  - Framework/Component/RefreshView (from `../`)
  - Framework/Component/SegmentControl (from `../`)
  - Framework/Component/SegmentView (from `../`)
  - Framework/Component/TagsView (from `../`)
  - Framework/Component/UserGuideView (from `../`)
  - Framework/Component/WaterFallView (from `../`)
  - Framework/Core/Cache (from `../`)
  - Framework/Core/Chronograph (from `../`)
  - Framework/Core/CountDown (from `../`)
  - Framework/Core/Date (from `../`)
  - Framework/Core/Delegate (from `../`)
  - Framework/Core/HttpMock (from `../`)
  - Framework/Core/Modular (from `../`)
  - Framework/Core/Network/Reachability (from `../`)
  - Framework/Core/NetworkLit (from `../`)
  - Framework/Foundation (from `../`)
  - Framework/Module/APNS (from `../`)
  - Framework/Module/App (from `../`)
  - Framework/Module/Assets (from `../`)
  - Framework/Module/Browser (from `../`)
  - Framework/Module/Growth (from `../`)
  - Framework/Module/Location (from `../`)
  - Framework/Module/Map (from `../`)
  - Framework/Module/QRCode (from `../`)
  - Framework/Module/SNS (from `../`)
  - Framework/UIKit (from `../`)
  - GTMBase64
  - Masonry
  - ReactiveObjC
  - SDWebImage (~> 4.0)
  - TZImagePickerController
  - UnionPay (from `../Framework/Vendor/UnionPay`)
  - YYModel

SPEC REPOS:
  https://github.com/cocoapods/specs.git:
    - AFNetworking
    - AMap3DMap
    - AMapFoundation
    - AMapLocation
    - AMapSearch
    - GTMBase64
    - JCore
    - JPush
    - Masonry
    - ReactiveObjC
    - SDWebImage
    - TZImagePickerController
    - UMengAnalytics-NO-IDFA
    - UMengFeedback
    - UMengUShare
    - YYModel

EXTERNAL SOURCES:
  Framework:
    :path: "../"
  UnionPay:
    :path: "../Framework/Vendor/UnionPay"

SPEC CHECKSUMS:
  AFNetworking: b6f891fdfaed196b46c7a83cf209e09697b94057
  AMap3DMap: 9fa4ec6ab230bfbd3f0c0834f757fbd7038efe53
  AMapFoundation: 20fce2a12cd152e1092afdd04379cdac21932185
  AMapLocation: 89a7e4eb6040d32ba73c77a4966ecc66e46aa7c3
  AMapSearch: def5983c8ca1a6d7430970046dc814f6e337621d
  Framework: 7622048a08a4b300c6781d40923800954b3e094f
  GTMBase64: f0f91be06a7a20b84c8e4fee30c0430395091d82
  JCore: b962a2a1a61dc911ce5e79ba3ff21a95edaf5d23
  JPush: 8459e7a709ad86f95884fcb49cbd57a6da24744e
  Masonry: 678fab65091a9290e40e2832a55e7ab731aad201
  ReactiveObjC: 011caa393aa0383245f2dcf9bf02e86b80b36040
  SDWebImage: 3f3f0c02f09798048c47a5ed0a13f17b063572d8
  TZImagePickerController: 7850b158d025065b162a1a963d445040b828abc9
  UMengAnalytics-NO-IDFA: f1b08b540eba6ebad044a574cae6d988cf40cfda
  UMengFeedback: 5283cc0e324dffca4dd54c4abb3cbded56487817
  UMengUShare: 7a0ab762ccd445ccfcf11bde8e7f81b29b9f5e1c
  UnionPay: 6294ba89de917e0d0db30c0ff0fbaa4e9beef587
  YYModel: 2a7fdd96aaa4b86a824e26d0c517de8928c04b30

PODFILE CHECKSUM: c53994d350b7b159071e6ee4dd8c877f2b8082c1

COCOAPODS: 1.7.0.beta.2
